
Microsoft Visual Studio Solution File, Format Version 12.00
# Visual Studio Version 16
VisualStudioVersion = 16.0.30523.141
MinimumVisualStudioVersion = 10.0.40219.1
Project("{FAE04EC0-301F-11D3-BF4B-00C04F79EFBC}") = "XamarinOrders.Android", "XamarinOrders.Android\XamarinOrders.Android.csproj", "{F9E6F0EF-44DA-45A2-8CE7-D4485BE242F4}"
EndProject
Project("{FAE04EC0-301F-11D3-BF4B-00C04F79EFBC}") = "XamarinOrders.iOS", "XamarinOrders.iOS\XamarinOrders.iOS.csproj", "{5447DFF3-5804-4AFB-AEC6-080E7C4CEC6D}"
EndProject
Project("{FAE04EC0-301F-11D3-BF4B-00C04F79EFBC}") = "XamarinOrders", "XamarinOrders\XamarinOrders.csproj", "{DEA7936C-1B89-4D5B-BF91-784544E7C909}"
EndProject
Global
	GlobalSection(SolutionConfigurationPlatforms) = preSolution
		Debug|Any CPU = Debug|Any CPU
		Debug|iPhone = Debug|iPhone
		Debug|iPhoneSimulator = Debug|iPhoneSimulator
		Release|Any CPU = Release|Any CPU
		Release|iPhone = Release|iPhone
		Release|iPhoneSimulator = Release|iPhoneSimulator
	EndGlobalSection
	GlobalSection(ProjectConfigurationPlatforms) = postSolution
		{F9E6F0EF-44DA-45A2-8CE7-D4485BE242F4}.Debug|Any CPU.ActiveCfg = Debug|Any CPU
		{F9E6F0EF-44DA-45A2-8CE7-D4485BE242F4}.Debug|Any CPU.Build.0 = Debug|Any CPU
		{F9E6F0EF-44DA-45A2-8CE7-D4485BE242F4}.Debug|Any CPU.Deploy.0 = Debug|Any CPU
		{F9E6F0EF-44DA-45A2-8CE7-D4485BE242F4}.Debug|iPhone.ActiveCfg = Debug|Any CPU
		{F9E6F0EF-44DA-45A2-8CE7-D4485BE242F4}.Debug|iPhone.Build.0 = Debug|Any CPU
		{F9E6F0EF-44DA-45A2-8CE7-D4485BE242F4}.Debug|iPhone.Deploy.0 = Debug|Any CPU
		{F9E6F0EF-44DA-45A2-8CE7-D4485BE242F4}.Debug|iPhoneSimulator.ActiveCfg = Debug|Any CPU
		{F9E6F0EF-44DA-45A2-8CE7-D4485BE242F4}.Debug|iPhoneSimulator.Build.0 = Debug|Any CPU
		{F9E6F0EF-44DA-45A2-8CE7-D4485BE242F4}.Debug|iPhoneSimulator.Deploy.0 = Debug|Any CPU
		{F9E6F0EF-44DA-45A2-8CE7-D4485BE242F4}.Release|Any CPU.ActiveCfg = Release|Any CPU
		{F9E6F0EF-44DA-45A2-8CE7-D4485BE242F4}.Release|Any CPU.Build.0 = Release|Any CPU
		{F9E6F0EF-44DA-45A2-8CE7-D4485BE242F4}.Release|Any CPU.Deploy.0 = Release|Any CPU
		{F9E6F0EF-44DA-45A2-8CE7-D4485BE242F4}.Release|iPhone.ActiveCfg = Release|Any CPU
		{F9E6F0EF-44DA-45A2-8CE7-D4485BE242F4}.Release|iPhone.Build.0 = Release|Any CPU
		{F9E6F0EF-44DA-45A2-8CE7-D4485BE242F4}.Release|iPhone.Deploy.0 = Release|Any CPU
		{F9E6F0EF-44DA-45A2-8CE7-D4485BE242F4}.Release|iPhoneSimulator.ActiveCfg = Release|Any CPU
		{F9E6F0EF-44DA-45A2-8CE7-D4485BE242F4}.Release|iPhoneSimulator.Build.0 = Release|Any CPU
		{F9E6F0EF-44DA-45A2-8CE7-D4485BE242F4}.Release|iPhoneSimulator.Deploy.0 = Release|Any CPU
		{5447DFF3-5804-4AFB-AEC6-080E7C4CEC6D}.Debug|Any CPU.ActiveCfg = Debug|iPhone
		{5447DFF3-5804-4AFB-AEC6-080E7C4CEC6D}.Debug|Any CPU.Build.0 = Debug|iPhone
		{5447DFF3-5804-4AFB-AEC6-080E7C4CEC6D}.Debug|Any CPU.Deploy.0 = Debug|iPhone
		{5447DFF3-5804-4AFB-AEC6-080E7C4CEC6D}.Debug|iPhone.ActiveCfg = Debug|iPhone
		{5447DFF3-5804-4AFB-AEC6-080E7C4CEC6D}.Debug|iPhone.Build.0 = Debug|iPhone
		{5447DFF3-5804-4AFB-AEC6-080E7C4CEC6D}.Debug|iPhone.Deploy.0 = Debug|iPhone
		{5447DFF3-5804-4AFB-AEC6-080E7C4CEC6D}.Debug|iPhoneSimulator.ActiveCfg = Debug|iPhoneSimulator
		{5447DFF3-5804-4AFB-AEC6-080E7C4CEC6D}.Debug|iPhoneSimulator.Build.0 = Debug|iPhoneSimulator
		{5447DFF3-5804-4AFB-AEC6-080E7C4CEC6D}.Debug|iPhoneSimulator.Deploy.0 = Debug|iPhoneSimulator
		{5447DFF3-5804-4AFB-AEC6-080E7C4CEC6D}.Release|Any CPU.ActiveCfg = Release|iPhoneSimulator
		{5447DFF3-5804-4AFB-AEC6-080E7C4CEC6D}.Release|Any CPU.Build.0 = Release|iPhoneSimulator
		{5447DFF3-5804-4AFB-AEC6-080E7C4CEC6D}.Release|Any CPU.Deploy.0 = Release|iPhoneSimulator
		{5447DFF3-5804-4AFB-AEC6-080E7C4CEC6D}.Release|iPhone.ActiveCfg = Release|iPhone
		{5447DFF3-5804-4AFB-AEC6-080E7C4CEC6D}.Release|iPhone.Build.0 = Release|iPhone
		{5447DFF3-5804-4AFB-AEC6-080E7C4CEC6D}.Release|iPhone.Deploy.0 = Release|iPhone
		{5447DFF3-5804-4AFB-AEC6-080E7C4CEC6D}.Release|iPhoneSimulator.ActiveCfg = Release|iPhoneSimulator
		{5447DFF3-5804-4AFB-AEC6-080E7C4CEC6D}.Release|iPhoneSimulator.Build.0 = Release|iPhoneSimulator
		{5447DFF3-5804-4AFB-AEC6-080E7C4CEC6D}.Release|iPhoneSimulator.Deploy.0 = Release|iPhoneSimulator
		{DEA7936C-1B89-4D5B-BF91-784544E7C909}.Debug|Any CPU.ActiveCfg = Debug|Any CPU
		{DEA7936C-1B89-4D5B-BF91-784544E7C909}.Debug|Any CPU.Build.0 = Debug|Any CPU
		{DEA7936C-1B89-4D5B-BF91-784544E7C909}.Debug|Any CPU.Deploy.0 = Debug|Any CPU
		{DEA7936C-1B89-4D5B-BF91-784544E7C909}.Debug|iPhone.ActiveCfg = Debug|Any CPU
		{DEA7936C-1B89-4D5B-BF91-784544E7C909}.Debug|iPhone.Build.0 = Debug|Any CPU
		{DEA7936C-1B89-4D5B-BF91-784544E7C909}.Debug|iPhone.Deploy.0 = Debug|Any CPU
		{DEA7936C-1B89-4D5B-BF91-784544E7C909}.Debug|iPhoneSimulator.ActiveCfg = Debug|Any CPU
		{DEA7936C-1B89-4D5B-BF91-784544E7C909}.Debug|iPhoneSimulator.Build.0 = Debug|Any CPU
		{DEA7936C-1B89-4D5B-BF91-784544E7C909}.Debug|iPhoneSimulator.Deploy.0 = Debug|Any CPU
		{DEA7936C-1B89-4D5B-BF91-784544E7C909}.Release|Any CPU.ActiveCfg = Release|Any CPU
		{DEA7936C-1B89-4D5B-BF91-784544E7C909}.Release|Any CPU.Build.0 = Release|Any CPU
		{DEA7936C-1B89-4D5B-BF91-784544E7C909}.Release|Any CPU.Deploy.0 = Release|Any CPU
		{DEA7936C-1B89-4D5B-BF91-784544E7C909}.Release|iPhone.ActiveCfg = Release|Any CPU
		{DEA7936C-1B89-4D5B-BF91-784544E7C909}.Release|iPhone.Build.0 = Release|Any CPU
		{DEA7936C-1B89-4D5B-BF91-784544E7C909}.Release|iPhone.Deploy.0 = Release|Any CPU
		{DEA7936C-1B89-4D5B-BF91-784544E7C909}.Release|iPhoneSimulator.ActiveCfg = Release|Any CPU
		{DEA7936C-1B89-4D5B-BF91-784544E7C909}.Release|iPhoneSimulator.Build.0 = Release|Any CPU
		{DEA7936C-1B89-4D5B-BF91-784544E7C909}.Release|iPhoneSimulator.Deploy.0 = Release|Any CPU
	EndGlobalSection
	GlobalSection(SolutionProperties) = preSolution
		HideSolutionNode = FALSE
	EndGlobalSection
	GlobalSection(ExtensibilityGlobals) = postSolution
		SolutionGuid = {D112D252-C197-40B9-9CBF-9CB4262A4259}
	EndGlobalSection
EndGlobal
